# Generated by pub
# See http://pub.dartlang.org/doc/glossary.html#lockfile

{"packages":{"logging":{"version":"0.5.0+1","source":"hosted","description":"logging"},"source_maps":{"version":"0.5.0+1","source":"hosted","description":"source_maps"},"unittest":{"version":"0.5.0+1","source":"hosted","description":"unittest"},"pathos":{"version":"0.5.0+1","source":"hosted","description":"pathos"},"hop":{"version":"0.21.0","source":"hosted","description":"hop"},"oauth2":{"version":"0.5.0+1","source":"hosted","description":"oauth2"},"analyzer_experimental":{"version":"0.4.7+1","source":"hosted","description":"analyzer_experimental"},"bot":{"version":"0.20.0","source":"hosted","description":"bot"},"csslib":{"version":"0.4.3","source":"hosted","description":"csslib"},"http":{"version":"0.5.0+1","source":"hosted","description":"http"},"bot_io":{"version":"0.20.2","source":"hosted","description":"bot_io"},"html5lib":{"version":"0.4.3","source":"hosted","description":"html5lib"},"browser":{"version":"0.5.0+1","source":"hosted","description":"browser"},"args":{"version":"0.5.0+1","source":"hosted","description":"args"},"web_ui":{"version":"0.4.6+1","source":"git","description":{"url":"https://github.com/dart-lang/web-ui.git","ref":null,"resolved-ref":"0bec5233dadff4af206c907c871bd3b57822f4ff"}},"meta":{"version":"0.5.0+1","source":"hosted","description":"meta"}}}
